
Microsoft Visual Studio Solution File, Format Version 12.00
# Visual Studio 15
VisualStudioVersion = 15.0.28010.2046
MinimumVisualStudioVersion = 10.0.40219.1
Project("{FAE04EC0-301F-11D3-BF4B-00C04F79EFBC}") = "NavigationExample_v1.0", "NavigationExample_v1.0\NavigationExample_v1.0.csproj", "{BB18C55F-9624-4063-AB95-FC8277E93A39}"
EndProject
Global
	GlobalSection(SolutionConfigurationPlatforms) = preSolution
		Debug|ARM = Debug|ARM
		Debug|x64 = Debug|x64
		Debug|x86 = Debug|x86
		Release|ARM = Release|ARM
		Release|x64 = Release|x64
		Release|x86 = Release|x86
	EndGlobalSection
	GlobalSection(ProjectConfigurationPlatforms) = postSolution
		{BB18C55F-9624-4063-AB95-FC8277E93A39}.Debug|ARM.ActiveCfg = Debug|ARM
		{BB18C55F-9624-4063-AB95-FC8277E93A39}.Debug|ARM.Build.0 = Debug|ARM
		{BB18C55F-9624-4063-AB95-FC8277E93A39}.Debug|ARM.Deploy.0 = Debug|ARM
		{BB18C55F-9624-4063-AB95-FC8277E93A39}.Debug|x64.ActiveCfg = Debug|x64
		{BB18C55F-9624-4063-AB95-FC8277E93A39}.Debug|x64.Build.0 = Debug|x64
		{BB18C55F-9624-4063-AB95-FC8277E93A39}.Debug|x64.Deploy.0 = Debug|x64
		{BB18C55F-9624-4063-AB95-FC8277E93A39}.Debug|x86.ActiveCfg = Debug|x86
		{BB18C55F-9624-4063-AB95-FC8277E93A39}.Debug|x86.Build.0 = Debug|x86
		{BB18C55F-9624-4063-AB95-FC8277E93A39}.Debug|x86.Deploy.0 = Debug|x86
		{BB18C55F-9624-4063-AB95-FC8277E93A39}.Release|ARM.ActiveCfg = Release|ARM
		{BB18C55F-9624-4063-AB95-FC8277E93A39}.Release|ARM.Build.0 = Release|ARM
		{BB18C55F-9624-4063-AB95-FC8277E93A39}.Release|ARM.Deploy.0 = Release|ARM
		{BB18C55F-9624-4063-AB95-FC8277E93A39}.Release|x64.ActiveCfg = Release|x64
		{BB18C55F-9624-4063-AB95-FC8277E93A39}.Release|x64.Build.0 = Release|x64
		{BB18C55F-9624-4063-AB95-FC8277E93A39}.Release|x64.Deploy.0 = Release|x64
		{BB18C55F-9624-4063-AB95-FC8277E93A39}.Release|x86.ActiveCfg = Release|x86
		{BB18C55F-9624-4063-AB95-FC8277E93A39}.Release|x86.Build.0 = Release|x86
		{BB18C55F-9624-4063-AB95-FC8277E93A39}.Release|x86.Deploy.0 = Release|x86
	EndGlobalSection
	GlobalSection(SolutionProperties) = preSolution
		HideSolutionNode = FALSE
	EndGlobalSection
	GlobalSection(ExtensibilityGlobals) = postSolution
		SolutionGuid = {CB1557D8-031F-4098-8B35-D6CE869AED87}
	EndGlobalSection
EndGlobal
